
Microsoft Visual Studio Solution File, Format Version 11.00
# Visual C++ Express 2010
Project("{8BC9CEB8-8B4A-11D0-8D11-00A0C91BC942}") = "uia", "uia\uia.vcxproj", "{5447A253-FA5C-4DF7-A194-CEA64D4D29D9}"
EndProject
Global
	GlobalSection(SolutionConfigurationPlatforms) = preSolution
		Debug|Win32 = Debug|Win32
		Release|Win32 = Release|Win32
	EndGlobalSection
	GlobalSection(ProjectConfigurationPlatforms) = postSolution
		{5447A253-FA5C-4DF7-A194-CEA64D4D29D9}.Debug|Win32.ActiveCfg = Debug|Win32
		{5447A253-FA5C-4DF7-A194-CEA64D4D29D9}.Debug|Win32.Build.0 = Debug|Win32
		{5447A253-FA5C-4DF7-A194-CEA64D4D29D9}.Release|Win32.ActiveCfg = Release|Win32
		{5447A253-FA5C-4DF7-A194-CEA64D4D29D9}.Release|Win32.Build.0 = Release|Win32
	EndGlobalSection
	GlobalSection(SolutionProperties) = preSolution
		HideSolutionNode = FALSE
	EndGlobalSection
EndGlobal
